{
    "version": 3,
    "terraform_version": "0.7.8",
    "serial": 0,
    "lineage": "e45f7531-7085-43b5-9824-3504285338db",
    "modules": [
        {
            "path": [
                "root"
            ],
            "outputs": {
                "aws_instances_ip": {
                    "sensitive": false,
                    "type": "list",
                    "value": [
                        "54.161.87.47",
                        "54.166.220.23"
                    ]
                },
                "elb_dns": {
                    "sensitive": false,
                    "type": "string",
                    "value": "example-elb-831472798.us-east-1.elb.amazonaws.com"
                }
            },
            "resources": {
                "aws_elb.example": {
                    "type": "aws_elb",
                    "depends_on": [
                        "aws_instance.example",
                        "aws_instance.example",
                        "aws_security_group.default"
                    ],
                    "primary": {
                        "id": "example-elb",
                        "attributes": {
                            "access_logs.#": "0",
                            "availability_zones.#": "1",
                            "availability_zones.3569565595": "us-east-1a",
                            "connection_draining": "false",
                            "connection_draining_timeout": "300",
                            "cross_zone_load_balancing": "true",
                            "dns_name": "example-elb-831472798.us-east-1.elb.amazonaws.com",
                            "health_check.#": "1",
                            "health_check.0.healthy_threshold": "2",
                            "health_check.0.interval": "30",
                            "health_check.0.target": "HTTP:80/",
                            "health_check.0.timeout": "3",
                            "health_check.0.unhealthy_threshold": "2",
                            "id": "example-elb",
                            "idle_timeout": "60",
                            "instances.#": "2",
                            "instances.2564566765": "i-077e42e4691974e50",
                            "instances.2626191852": "i-05be30236dc1f55ab",
                            "internal": "false",
                            "listener.#": "1",
                            "listener.3057123346.instance_port": "80",
                            "listener.3057123346.instance_protocol": "http",
                            "listener.3057123346.lb_port": "80",
                            "listener.3057123346.lb_protocol": "http",
                            "listener.3057123346.ssl_certificate_id": "",
                            "name": "example-elb",
                            "security_groups.#": "1",
                            "security_groups.3202311778": "sg-a474a5d9",
                            "source_security_group": "819191966081/aws_security_group",
                            "source_security_group_id": "sg-a474a5d9",
                            "subnets.#": "1",
                            "subnets.1306362034": "subnet-e48928c9",
                            "tags.%": "1",
                            "tags.Env": "dev",
                            "zone_id": "Z35SXDOTRQ7X7K"
                        },
                        "meta": {},
                        "tainted": false
                    },
                    "deposed": [],
                    "provider": ""
                },
                "aws_instance.example.0": {
                    "type": "aws_instance",
                    "depends_on": [
                        "aws_security_group.default"
                    ],
                    "primary": {
                        "id": "i-077e42e4691974e50",
                        "attributes": {
                            "ami": "ami-0d729a60",
                            "associate_public_ip_address": "true",
                            "availability_zone": "us-east-1a",
                            "disable_api_termination": "false",
                            "ebs_block_device.#": "0",
                            "ebs_optimized": "false",
                            "ephemeral_block_device.#": "0",
                            "iam_instance_profile": "",
                            "id": "i-077e42e4691974e50",
                            "instance_state": "running",
                            "instance_type": "t2.micro",
                            "key_name": "aws_key",
                            "monitoring": "false",
                            "network_interface_id": "eni-6cadba90",
                            "private_dns": "ip-172-31-54-40.ec2.internal",
                            "private_ip": "172.31.54.40",
                            "public_dns": "ec2-54-161-87-47.compute-1.amazonaws.com",
                            "public_ip": "54.161.87.47",
                            "root_block_device.#": "1",
                            "root_block_device.0.delete_on_termination": "true",
                            "root_block_device.0.iops": "0",
                            "root_block_device.0.volume_size": "8",
                            "root_block_device.0.volume_type": "standard",
                            "security_groups.#": "1",
                            "security_groups.1474100520": "aws_security_group",
                            "source_dest_check": "true",
                            "subnet_id": "subnet-e48928c9",
                            "tags.%": "2",
                            "tags.Env": "dev",
                            "tags.Name": "hello_world-0",
                            "tenancy": "default",
                            "vpc_security_group_ids.#": "0"
                        },
                        "meta": {
                            "schema_version": "1"
                        },
                        "tainted": false
                    },
                    "deposed": [],
                    "provider": ""
                },
                "aws_instance.example.1": {
                    "type": "aws_instance",
                    "depends_on": [
                        "aws_security_group.default"
                    ],
                    "primary": {
                        "id": "i-05be30236dc1f55ab",
                        "attributes": {
                            "ami": "ami-0d729a60",
                            "associate_public_ip_address": "true",
                            "availability_zone": "us-east-1a",
                            "disable_api_termination": "false",
                            "ebs_block_device.#": "0",
                            "ebs_optimized": "false",
                            "ephemeral_block_device.#": "0",
                            "iam_instance_profile": "",
                            "id": "i-05be30236dc1f55ab",
                            "instance_state": "running",
                            "instance_type": "t2.micro",
                            "key_name": "aws_key",
                            "monitoring": "false",
                            "network_interface_id": "eni-fd544201",
                            "private_dns": "ip-172-31-61-65.ec2.internal",
                            "private_ip": "172.31.61.65",
                            "public_dns": "ec2-54-166-220-23.compute-1.amazonaws.com",
                            "public_ip": "54.166.220.23",
                            "root_block_device.#": "1",
                            "root_block_device.0.delete_on_termination": "true",
                            "root_block_device.0.iops": "0",
                            "root_block_device.0.volume_size": "8",
                            "root_block_device.0.volume_type": "standard",
                            "security_groups.#": "1",
                            "security_groups.1474100520": "aws_security_group",
                            "source_dest_check": "true",
                            "subnet_id": "subnet-e48928c9",
                            "tags.%": "2",
                            "tags.Env": "dev",
                            "tags.Name": "hello_world-1",
                            "tenancy": "default",
                            "vpc_security_group_ids.#": "0"
                        },
                        "meta": {
                            "schema_version": "1"
                        },
                        "tainted": false
                    },
                    "deposed": [],
                    "provider": ""
                },
                "aws_security_group.default": {
                    "type": "aws_security_group",
                    "depends_on": [],
                    "primary": {
                        "id": "sg-a474a5d9",
                        "attributes": {
                            "description": "Security configuration defined for aws security group",
                            "egress.#": "1",
                            "egress.482069346.cidr_blocks.#": "1",
                            "egress.482069346.cidr_blocks.0": "0.0.0.0/0",
                            "egress.482069346.from_port": "0",
                            "egress.482069346.prefix_list_ids.#": "0",
                            "egress.482069346.protocol": "-1",
                            "egress.482069346.security_groups.#": "0",
                            "egress.482069346.self": "false",
                            "egress.482069346.to_port": "0",
                            "id": "sg-a474a5d9",
                            "ingress.#": "3",
                            "ingress.2214680975.cidr_blocks.#": "1",
                            "ingress.2214680975.cidr_blocks.0": "0.0.0.0/0",
                            "ingress.2214680975.from_port": "80",
                            "ingress.2214680975.protocol": "tcp",
                            "ingress.2214680975.security_groups.#": "0",
                            "ingress.2214680975.self": "false",
                            "ingress.2214680975.to_port": "80",
                            "ingress.2541437006.cidr_blocks.#": "1",
                            "ingress.2541437006.cidr_blocks.0": "0.0.0.0/0",
                            "ingress.2541437006.from_port": "22",
                            "ingress.2541437006.protocol": "tcp",
                            "ingress.2541437006.security_groups.#": "0",
                            "ingress.2541437006.self": "false",
                            "ingress.2541437006.to_port": "22",
                            "ingress.2617001939.cidr_blocks.#": "1",
                            "ingress.2617001939.cidr_blocks.0": "0.0.0.0/0",
                            "ingress.2617001939.from_port": "443",
                            "ingress.2617001939.protocol": "tcp",
                            "ingress.2617001939.security_groups.#": "0",
                            "ingress.2617001939.self": "false",
                            "ingress.2617001939.to_port": "443",
                            "name": "aws_security_group",
                            "owner_id": "819191966081",
                            "tags.%": "0",
                            "vpc_id": "vpc-bd4f57da"
                        },
                        "meta": {},
                        "tainted": false
                    },
                    "deposed": [],
                    "provider": ""
                }
            },
            "depends_on": []
        }
    ]
}
